
Microsoft Visual Studio Solution File, Format Version 12.00
# Visual Studio Version 16
VisualStudioVersion = 16.0.30204.135
MinimumVisualStudioVersion = 10.0.40219.1
Project("{FAE04EC0-301F-11D3-BF4B-00C04F79EFBC}") = "AsyncEnumerableExtensions", "AsyncEnumerableExtensions.csproj", "{93C11DCA-4F42-404E-B3A4-6B8E18BCCC08}"
EndProject
Project("{FAE04EC0-301F-11D3-BF4B-00C04F79EFBC}") = "AsyncEnumerableExtensions.Tests", "..\AsyncEnumerableExtensions.Tests\AsyncEnumerableExtensions.Tests.csproj", "{A6706D84-E5E4-4D85-A2D7-3B53AAB3F204}"
EndProject
Global
	GlobalSection(SolutionConfigurationPlatforms) = preSolution
		Debug|Any CPU = Debug|Any CPU
		Release|Any CPU = Release|Any CPU
	EndGlobalSection
	GlobalSection(ProjectConfigurationPlatforms) = postSolution
		{93C11DCA-4F42-404E-B3A4-6B8E18BCCC08}.Debug|Any CPU.ActiveCfg = Debug|Any CPU
		{93C11DCA-4F42-404E-B3A4-6B8E18BCCC08}.Debug|Any CPU.Build.0 = Debug|Any CPU
		{93C11DCA-4F42-404E-B3A4-6B8E18BCCC08}.Release|Any CPU.ActiveCfg = Release|Any CPU
		{93C11DCA-4F42-404E-B3A4-6B8E18BCCC08}.Release|Any CPU.Build.0 = Release|Any CPU
		{A6706D84-E5E4-4D85-A2D7-3B53AAB3F204}.Debug|Any CPU.ActiveCfg = Debug|Any CPU
		{A6706D84-E5E4-4D85-A2D7-3B53AAB3F204}.Debug|Any CPU.Build.0 = Debug|Any CPU
		{A6706D84-E5E4-4D85-A2D7-3B53AAB3F204}.Release|Any CPU.ActiveCfg = Release|Any CPU
		{A6706D84-E5E4-4D85-A2D7-3B53AAB3F204}.Release|Any CPU.Build.0 = Release|Any CPU
	EndGlobalSection
	GlobalSection(SolutionProperties) = preSolution
		HideSolutionNode = FALSE
	EndGlobalSection
	GlobalSection(ExtensibilityGlobals) = postSolution
		SolutionGuid = {B59CEBDE-503F-4F4F-BABB-DC73811869AF}
	EndGlobalSection
EndGlobal
